
Microsoft Visual Studio Solution File, Format Version 12.00
# Visual Studio 2013
VisualStudioVersion = 12.0.21005.1
MinimumVisualStudioVersion = 10.0.40219.1
Project("{FAE04EC0-301F-11D3-BF4B-00C04F79EFBC}") = "01CartesianCoordinateSystem", "01CartesianCoordinateSystem\01CartesianCoordinateSystem.csproj", "{44B6D5D3-0D0A-40DB-B8EC-04E14BA6AACE}"
EndProject
Project("{FAE04EC0-301F-11D3-BF4B-00C04F79EFBC}") = "02DailyCalorieIntake30August2015", "02DailyCalorieIntake-DCI\02DailyCalorieIntake30August2015.csproj", "{453C0D46-E20D-4291-AE95-5E077E1115E3}"
EndProject
Project("{FAE04EC0-301F-11D3-BF4B-00C04F79EFBC}") = "03TorrentPirateMarch2015", "03TorrentPirateMarch2015\03TorrentPirateMarch2015.csproj", "{CE7E7877-DEC0-4C4D-B26D-49C7553C1E17}"
EndProject
Project("{FAE04EC0-301F-11D3-BF4B-00C04F79EFBC}") = "04FourFactorsNBA", "04FourFactorsNBA\04FourFactorsNBA.csproj", "{43D3F26E-90FF-42CE-BCF4-DDFDC1ED0E9C}"
EndProject
Project("{FAE04EC0-301F-11D3-BF4B-00C04F79EFBC}") = "05DetectiveBoevJuly2015", "05DetectiveBoevJuly2015\05DetectiveBoevJuly2015.csproj", "{1FADCFAC-9DBF-4093-89A7-35E58C4CACB4}"
EndProject
Project("{FAE04EC0-301F-11D3-BF4B-00C04F79EFBC}") = "06MagicWand", "06MagicWand\06MagicWand.csproj", "{363449F1-A7A8-410F-8034-3420692AE243}"
EndProject
Project("{FAE04EC0-301F-11D3-BF4B-00C04F79EFBC}") = "07BeersDecember2014", "07BeersDecember2014\07BeersDecember2014.csproj", "{DA0BCEB7-8CC7-4A1C-A26B-2CDF4F622A7C}"
EndProject
Project("{FAE04EC0-301F-11D3-BF4B-00C04F79EFBC}") = "08Dumbbell29March2015", "08Dumbbell29March2015\08Dumbbell29March2015.csproj", "{A8397F38-E4E7-435A-AD9B-9274F88DDD0E}"
EndProject
Project("{FAE04EC0-301F-11D3-BF4B-00C04F79EFBC}") = "09SandGlass", "09SandGlass\09SandGlass.csproj", "{7FC5F65D-162F-4E1F-B71B-0EE43DDB0EF6}"
EndProject
Project("{FAE04EC0-301F-11D3-BF4B-00C04F79EFBC}") = "10BetterMusicProducer18October2015", "10BetterMusicProducer18October2015\10BetterMusicProducer18October2015.csproj", "{2105BC7B-BC54-4A8F-AB83-C34004D008A0}"
EndProject
Project("{FAE04EC0-301F-11D3-BF4B-00C04F79EFBC}") = "11PlaidTowel18October2015", "11PlaidTowel18October2015\11PlaidTowel18October2015.csproj", "{8D098CBC-CD6C-4DF9-851B-6EA8F142F1DF}"
EndProject
Project("{FAE04EC0-301F-11D3-BF4B-00C04F79EFBC}") = "12WaveBits30August2015", "12WaveBits30August2015\12WaveBits30August2015.csproj", "{6FEB7D16-0B10-42D7-9C11-FCE7522E212B}"
EndProject
Project("{FAE04EC0-301F-11D3-BF4B-00C04F79EFBC}") = "13SummertimeHalfBeer12July2015", "13SummertimeHalfBeer12July2015\13SummertimeHalfBeer12July2015.csproj", "{229D0FE8-B05B-46C5-8C70-6593322E99B9}"
EndProject
Project("{FAE04EC0-301F-11D3-BF4B-00C04F79EFBC}") = "14Gambling8November2014", "14Gambling8November2014\14Gambling8November2014.csproj", "{B8CA603A-DD56-4111-ADF1-FC1D868BF710}"
EndProject
Project("{FAE04EC0-301F-11D3-BF4B-00C04F79EFBC}") = "15Numerology8November2014", "15Numerology8November2014\15Numerology8November2014.csproj", "{BCECDC97-94E5-4AB2-9EF7-7C7053EF556F}"
EndProject
Project("{FAE04EC0-301F-11D3-BF4B-00C04F79EFBC}") = "16BabaTincheAirlines8November2014", "16BabaTincheAirlines8November2014\16BabaTincheAirlines8November2014.csproj", "{87B7BF0C-FB3B-420E-8505-FAB9DA10FAC3}"
EndProject
Project("{FAE04EC0-301F-11D3-BF4B-00C04F79EFBC}") = "17WorkHoursLelyaVanche11April2014M", "17WorkHoursLelyaVanche11April2014M\17WorkHoursLelyaVanche11April2014M.csproj", "{55229D1D-5942-4B7E-9070-9A95925E169F}"
EndProject
Project("{FAE04EC0-301F-11D3-BF4B-00C04F79EFBC}") = "18SumOfElements18April2014M", "18SumOfElements18April2014M\18SumOfElements18April2014M.csproj", "{F0DEC87A-1626-4A08-8F05-8A97317F9370}"
EndProject
Project("{FAE04EC0-301F-11D3-BF4B-00C04F79EFBC}") = "19JoroFootballPlayer10April2014", "19JoroFootballPlayer10April2014\19JoroFootballPlayer10April2014.csproj", "{881AB4A5-83B6-4186-B8DD-2B99E77911EC}"
EndProject
Project("{FAE04EC0-301F-11D3-BF4B-00C04F79EFBC}") = "20Volleyball10April2014Evening", "20Volleyball10April2014Evening\20Volleyball10April2014Evening.csproj", "{7BE73C2E-24D0-4E41-8D49-AB13174638DF}"
EndProject
Project("{FAE04EC0-301F-11D3-BF4B-00C04F79EFBC}") = "21PiggyBankTank20December2014", "21PiggyBankTank20December2014\21PiggyBankTank20December2014.csproj", "{3AEDC534-0354-4E1A-ADD9-55DEEF0A3F08}"
EndProject
Project("{FAE04EC0-301F-11D3-BF4B-00C04F79EFBC}") = "22CheatSheet20December2014", "22CheatSheet20December2014\22CheatSheet20December2014.csproj", "{EDD6B759-B7B5-4C8E-8444-03FE9330814D}"
EndProject
Project("{FAE04EC0-301F-11D3-BF4B-00C04F79EFBC}") = "23Boat20December2014", "23Boat20December2014\23Boat20December2014.csproj", "{E9C85DD8-7847-44F8-8665-AC5D46ACD923}"
EndProject
Project("{FAE04EC0-301F-11D3-BF4B-00C04F79EFBC}") = "24DreamItem29March2015Evening", "24DreamItem29March2015Evening\24DreamItem29March2015Evening.csproj", "{D62CB38B-C42F-403B-BB57-D97020FD28EF}"
EndProject
Project("{FAE04EC0-301F-11D3-BF4B-00C04F79EFBC}") = "25CurrencyCheck29March2015Evening", "25CurrencyCheck29March2015Evening\25CurrencyCheck29March2015Evening.csproj", "{596C0D6F-7497-41C9-84FC-0B8410F83F6A}"
EndProject
Project("{FAE04EC0-301F-11D3-BF4B-00C04F79EFBC}") = "26ArrayMatcher29March2015Evening", "26ArrayMatcher29March2015Evening\26ArrayMatcher29March2015Evening.csproj", "{7DF2B867-9798-403E-BC51-3E337086A7A1}"
EndProject
Project("{FAE04EC0-301F-11D3-BF4B-00C04F79EFBC}") = "27FruitMarket14April2014Morning", "27FruitMarket14April2014Morning\27FruitMarket14April2014Morning.csproj", "{C002FE38-BFD7-4ABE-8E16-5EF6AB92B938}"
EndProject
Global
	GlobalSection(SolutionConfigurationPlatforms) = preSolution
		Debug|Any CPU = Debug|Any CPU
		Release|Any CPU = Release|Any CPU
	EndGlobalSection
	GlobalSection(ProjectConfigurationPlatforms) = postSolution
		{44B6D5D3-0D0A-40DB-B8EC-04E14BA6AACE}.Debug|Any CPU.ActiveCfg = Debug|Any CPU
		{44B6D5D3-0D0A-40DB-B8EC-04E14BA6AACE}.Debug|Any CPU.Build.0 = Debug|Any CPU
		{44B6D5D3-0D0A-40DB-B8EC-04E14BA6AACE}.Release|Any CPU.ActiveCfg = Release|Any CPU
		{44B6D5D3-0D0A-40DB-B8EC-04E14BA6AACE}.Release|Any CPU.Build.0 = Release|Any CPU
		{453C0D46-E20D-4291-AE95-5E077E1115E3}.Debug|Any CPU.ActiveCfg = Debug|Any CPU
		{453C0D46-E20D-4291-AE95-5E077E1115E3}.Debug|Any CPU.Build.0 = Debug|Any CPU
		{453C0D46-E20D-4291-AE95-5E077E1115E3}.Release|Any CPU.ActiveCfg = Release|Any CPU
		{453C0D46-E20D-4291-AE95-5E077E1115E3}.Release|Any CPU.Build.0 = Release|Any CPU
		{CE7E7877-DEC0-4C4D-B26D-49C7553C1E17}.Debug|Any CPU.ActiveCfg = Debug|Any CPU
		{CE7E7877-DEC0-4C4D-B26D-49C7553C1E17}.Debug|Any CPU.Build.0 = Debug|Any CPU
		{CE7E7877-DEC0-4C4D-B26D-49C7553C1E17}.Release|Any CPU.ActiveCfg = Release|Any CPU
		{CE7E7877-DEC0-4C4D-B26D-49C7553C1E17}.Release|Any CPU.Build.0 = Release|Any CPU
		{43D3F26E-90FF-42CE-BCF4-DDFDC1ED0E9C}.Debug|Any CPU.ActiveCfg = Debug|Any CPU
		{43D3F26E-90FF-42CE-BCF4-DDFDC1ED0E9C}.Debug|Any CPU.Build.0 = Debug|Any CPU
		{43D3F26E-90FF-42CE-BCF4-DDFDC1ED0E9C}.Release|Any CPU.ActiveCfg = Release|Any CPU
		{43D3F26E-90FF-42CE-BCF4-DDFDC1ED0E9C}.Release|Any CPU.Build.0 = Release|Any CPU
		{1FADCFAC-9DBF-4093-89A7-35E58C4CACB4}.Debug|Any CPU.ActiveCfg = Debug|Any CPU
		{1FADCFAC-9DBF-4093-89A7-35E58C4CACB4}.Debug|Any CPU.Build.0 = Debug|Any CPU
		{1FADCFAC-9DBF-4093-89A7-35E58C4CACB4}.Release|Any CPU.ActiveCfg = Release|Any CPU
		{1FADCFAC-9DBF-4093-89A7-35E58C4CACB4}.Release|Any CPU.Build.0 = Release|Any CPU
		{363449F1-A7A8-410F-8034-3420692AE243}.Debug|Any CPU.ActiveCfg = Debug|Any CPU
		{363449F1-A7A8-410F-8034-3420692AE243}.Debug|Any CPU.Build.0 = Debug|Any CPU
		{363449F1-A7A8-410F-8034-3420692AE243}.Release|Any CPU.ActiveCfg = Release|Any CPU
		{363449F1-A7A8-410F-8034-3420692AE243}.Release|Any CPU.Build.0 = Release|Any CPU
		{DA0BCEB7-8CC7-4A1C-A26B-2CDF4F622A7C}.Debug|Any CPU.ActiveCfg = Debug|Any CPU
		{DA0BCEB7-8CC7-4A1C-A26B-2CDF4F622A7C}.Debug|Any CPU.Build.0 = Debug|Any CPU
		{DA0BCEB7-8CC7-4A1C-A26B-2CDF4F622A7C}.Release|Any CPU.ActiveCfg = Release|Any CPU
		{DA0BCEB7-8CC7-4A1C-A26B-2CDF4F622A7C}.Release|Any CPU.Build.0 = Release|Any CPU
		{A8397F38-E4E7-435A-AD9B-9274F88DDD0E}.Debug|Any CPU.ActiveCfg = Debug|Any CPU
		{A8397F38-E4E7-435A-AD9B-9274F88DDD0E}.Debug|Any CPU.Build.0 = Debug|Any CPU
		{A8397F38-E4E7-435A-AD9B-9274F88DDD0E}.Release|Any CPU.ActiveCfg = Release|Any CPU
		{A8397F38-E4E7-435A-AD9B-9274F88DDD0E}.Release|Any CPU.Build.0 = Release|Any CPU
		{7FC5F65D-162F-4E1F-B71B-0EE43DDB0EF6}.Debug|Any CPU.ActiveCfg = Debug|Any CPU
		{7FC5F65D-162F-4E1F-B71B-0EE43DDB0EF6}.Debug|Any CPU.Build.0 = Debug|Any CPU
		{7FC5F65D-162F-4E1F-B71B-0EE43DDB0EF6}.Release|Any CPU.ActiveCfg = Release|Any CPU
		{7FC5F65D-162F-4E1F-B71B-0EE43DDB0EF6}.Release|Any CPU.Build.0 = Release|Any CPU
		{2105BC7B-BC54-4A8F-AB83-C34004D008A0}.Debug|Any CPU.ActiveCfg = Debug|Any CPU
		{2105BC7B-BC54-4A8F-AB83-C34004D008A0}.Debug|Any CPU.Build.0 = Debug|Any CPU
		{2105BC7B-BC54-4A8F-AB83-C34004D008A0}.Release|Any CPU.ActiveCfg = Release|Any CPU
		{2105BC7B-BC54-4A8F-AB83-C34004D008A0}.Release|Any CPU.Build.0 = Release|Any CPU
		{8D098CBC-CD6C-4DF9-851B-6EA8F142F1DF}.Debug|Any CPU.ActiveCfg = Debug|Any CPU
		{8D098CBC-CD6C-4DF9-851B-6EA8F142F1DF}.Debug|Any CPU.Build.0 = Debug|Any CPU
		{8D098CBC-CD6C-4DF9-851B-6EA8F142F1DF}.Release|Any CPU.ActiveCfg = Release|Any CPU
		{8D098CBC-CD6C-4DF9-851B-6EA8F142F1DF}.Release|Any CPU.Build.0 = Release|Any CPU
		{6FEB7D16-0B10-42D7-9C11-FCE7522E212B}.Debug|Any CPU.ActiveCfg = Debug|Any CPU
		{6FEB7D16-0B10-42D7-9C11-FCE7522E212B}.Debug|Any CPU.Build.0 = Debug|Any CPU
		{6FEB7D16-0B10-42D7-9C11-FCE7522E212B}.Release|Any CPU.ActiveCfg = Release|Any CPU
		{6FEB7D16-0B10-42D7-9C11-FCE7522E212B}.Release|Any CPU.Build.0 = Release|Any CPU
		{229D0FE8-B05B-46C5-8C70-6593322E99B9}.Debug|Any CPU.ActiveCfg = Debug|Any CPU
		{229D0FE8-B05B-46C5-8C70-6593322E99B9}.Debug|Any CPU.Build.0 = Debug|Any CPU
		{229D0FE8-B05B-46C5-8C70-6593322E99B9}.Release|Any CPU.ActiveCfg = Release|Any CPU
		{229D0FE8-B05B-46C5-8C70-6593322E99B9}.Release|Any CPU.Build.0 = Release|Any CPU
		{B8CA603A-DD56-4111-ADF1-FC1D868BF710}.Debug|Any CPU.ActiveCfg = Debug|Any CPU
		{B8CA603A-DD56-4111-ADF1-FC1D868BF710}.Debug|Any CPU.Build.0 = Debug|Any CPU
		{B8CA603A-DD56-4111-ADF1-FC1D868BF710}.Release|Any CPU.ActiveCfg = Release|Any CPU
		{B8CA603A-DD56-4111-ADF1-FC1D868BF710}.Release|Any CPU.Build.0 = Release|Any CPU
		{BCECDC97-94E5-4AB2-9EF7-7C7053EF556F}.Debug|Any CPU.ActiveCfg = Debug|Any CPU
		{BCECDC97-94E5-4AB2-9EF7-7C7053EF556F}.Debug|Any CPU.Build.0 = Debug|Any CPU
		{BCECDC97-94E5-4AB2-9EF7-7C7053EF556F}.Release|Any CPU.ActiveCfg = Release|Any CPU
		{BCECDC97-94E5-4AB2-9EF7-7C7053EF556F}.Release|Any CPU.Build.0 = Release|Any CPU
		{87B7BF0C-FB3B-420E-8505-FAB9DA10FAC3}.Debug|Any CPU.ActiveCfg = Debug|Any CPU
		{87B7BF0C-FB3B-420E-8505-FAB9DA10FAC3}.Debug|Any CPU.Build.0 = Debug|Any CPU
		{87B7BF0C-FB3B-420E-8505-FAB9DA10FAC3}.Release|Any CPU.ActiveCfg = Release|Any CPU
		{87B7BF0C-FB3B-420E-8505-FAB9DA10FAC3}.Release|Any CPU.Build.0 = Release|Any CPU
		{55229D1D-5942-4B7E-9070-9A95925E169F}.Debug|Any CPU.ActiveCfg = Debug|Any CPU
		{55229D1D-5942-4B7E-9070-9A95925E169F}.Debug|Any CPU.Build.0 = Debug|Any CPU
		{55229D1D-5942-4B7E-9070-9A95925E169F}.Release|Any CPU.ActiveCfg = Release|Any CPU
		{55229D1D-5942-4B7E-9070-9A95925E169F}.Release|Any CPU.Build.0 = Release|Any CPU
		{F0DEC87A-1626-4A08-8F05-8A97317F9370}.Debug|Any CPU.ActiveCfg = Debug|Any CPU
		{F0DEC87A-1626-4A08-8F05-8A97317F9370}.Debug|Any CPU.Build.0 = Debug|Any CPU
		{F0DEC87A-1626-4A08-8F05-8A97317F9370}.Release|Any CPU.ActiveCfg = Release|Any CPU
		{F0DEC87A-1626-4A08-8F05-8A97317F9370}.Release|Any CPU.Build.0 = Release|Any CPU
		{881AB4A5-83B6-4186-B8DD-2B99E77911EC}.Debug|Any CPU.ActiveCfg = Debug|Any CPU
		{881AB4A5-83B6-4186-B8DD-2B99E77911EC}.Debug|Any CPU.Build.0 = Debug|Any CPU
		{881AB4A5-83B6-4186-B8DD-2B99E77911EC}.Release|Any CPU.ActiveCfg = Release|Any CPU
		{881AB4A5-83B6-4186-B8DD-2B99E77911EC}.Release|Any CPU.Build.0 = Release|Any CPU
		{7BE73C2E-24D0-4E41-8D49-AB13174638DF}.Debug|Any CPU.ActiveCfg = Debug|Any CPU
		{7BE73C2E-24D0-4E41-8D49-AB13174638DF}.Debug|Any CPU.Build.0 = Debug|Any CPU
		{7BE73C2E-24D0-4E41-8D49-AB13174638DF}.Release|Any CPU.ActiveCfg = Release|Any CPU
		{7BE73C2E-24D0-4E41-8D49-AB13174638DF}.Release|Any CPU.Build.0 = Release|Any CPU
		{3AEDC534-0354-4E1A-ADD9-55DEEF0A3F08}.Debug|Any CPU.ActiveCfg = Debug|Any CPU
		{3AEDC534-0354-4E1A-ADD9-55DEEF0A3F08}.Debug|Any CPU.Build.0 = Debug|Any CPU
		{3AEDC534-0354-4E1A-ADD9-55DEEF0A3F08}.Release|Any CPU.ActiveCfg = Release|Any CPU
		{3AEDC534-0354-4E1A-ADD9-55DEEF0A3F08}.Release|Any CPU.Build.0 = Release|Any CPU
		{EDD6B759-B7B5-4C8E-8444-03FE9330814D}.Debug|Any CPU.ActiveCfg = Debug|Any CPU
		{EDD6B759-B7B5-4C8E-8444-03FE9330814D}.Debug|Any CPU.Build.0 = Debug|Any CPU
		{EDD6B759-B7B5-4C8E-8444-03FE9330814D}.Release|Any CPU.ActiveCfg = Release|Any CPU
		{EDD6B759-B7B5-4C8E-8444-03FE9330814D}.Release|Any CPU.Build.0 = Release|Any CPU
		{E9C85DD8-7847-44F8-8665-AC5D46ACD923}.Debug|Any CPU.ActiveCfg = Debug|Any CPU
		{E9C85DD8-7847-44F8-8665-AC5D46ACD923}.Debug|Any CPU.Build.0 = Debug|Any CPU
		{E9C85DD8-7847-44F8-8665-AC5D46ACD923}.Release|Any CPU.ActiveCfg = Release|Any CPU
		{E9C85DD8-7847-44F8-8665-AC5D46ACD923}.Release|Any CPU.Build.0 = Release|Any CPU
		{D62CB38B-C42F-403B-BB57-D97020FD28EF}.Debug|Any CPU.ActiveCfg = Debug|Any CPU
		{D62CB38B-C42F-403B-BB57-D97020FD28EF}.Debug|Any CPU.Build.0 = Debug|Any CPU
		{D62CB38B-C42F-403B-BB57-D97020FD28EF}.Release|Any CPU.ActiveCfg = Release|Any CPU
		{D62CB38B-C42F-403B-BB57-D97020FD28EF}.Release|Any CPU.Build.0 = Release|Any CPU
		{596C0D6F-7497-41C9-84FC-0B8410F83F6A}.Debug|Any CPU.ActiveCfg = Debug|Any CPU
		{596C0D6F-7497-41C9-84FC-0B8410F83F6A}.Debug|Any CPU.Build.0 = Debug|Any CPU
		{596C0D6F-7497-41C9-84FC-0B8410F83F6A}.Release|Any CPU.ActiveCfg = Release|Any CPU
		{596C0D6F-7497-41C9-84FC-0B8410F83F6A}.Release|Any CPU.Build.0 = Release|Any CPU
		{7DF2B867-9798-403E-BC51-3E337086A7A1}.Debug|Any CPU.ActiveCfg = Debug|Any CPU
		{7DF2B867-9798-403E-BC51-3E337086A7A1}.Debug|Any CPU.Build.0 = Debug|Any CPU
		{7DF2B867-9798-403E-BC51-3E337086A7A1}.Release|Any CPU.ActiveCfg = Release|Any CPU
		{7DF2B867-9798-403E-BC51-3E337086A7A1}.Release|Any CPU.Build.0 = Release|Any CPU
		{C002FE38-BFD7-4ABE-8E16-5EF6AB92B938}.Debug|Any CPU.ActiveCfg = Debug|Any CPU
		{C002FE38-BFD7-4ABE-8E16-5EF6AB92B938}.Debug|Any CPU.Build.0 = Debug|Any CPU
		{C002FE38-BFD7-4ABE-8E16-5EF6AB92B938}.Release|Any CPU.ActiveCfg = Release|Any CPU
		{C002FE38-BFD7-4ABE-8E16-5EF6AB92B938}.Release|Any CPU.Build.0 = Release|Any CPU
	EndGlobalSection
	GlobalSection(SolutionProperties) = preSolution
		HideSolutionNode = FALSE
	EndGlobalSection
EndGlobal
